
Microsoft Visual Studio Solution File, Format Version 12.00
# Visual Studio Version 16
VisualStudioVersion = 16.0.31205.134
MinimumVisualStudioVersion = 10.0.40219.1
Project("{FAE04EC0-301F-11D3-BF4B-00C04F79EFBC}") = "SchemaApp", "SchemaApp\SchemaApp.csproj", "{76EB551A-DAC4-4660-8B8E-0AB3723AB248}"
EndProject
Project("{FAE04EC0-301F-11D3-BF4B-00C04F79EFBC}") = "SchemaClasses", "SchemaClasses\SchemaClasses.csproj", "{0E79EA9F-2A54-4B8A-9DE1-591343AFB1C2}"
EndProject
Global
	GlobalSection(SolutionConfigurationPlatforms) = preSolution
		Debug|Any CPU = Debug|Any CPU
		Release|Any CPU = Release|Any CPU
	EndGlobalSection
	GlobalSection(ProjectConfigurationPlatforms) = postSolution
		{76EB551A-DAC4-4660-8B8E-0AB3723AB248}.Debug|Any CPU.ActiveCfg = Debug|Any CPU
		{76EB551A-DAC4-4660-8B8E-0AB3723AB248}.Debug|Any CPU.Build.0 = Debug|Any CPU
		{76EB551A-DAC4-4660-8B8E-0AB3723AB248}.Release|Any CPU.ActiveCfg = Release|Any CPU
		{76EB551A-DAC4-4660-8B8E-0AB3723AB248}.Release|Any CPU.Build.0 = Release|Any CPU
		{0E79EA9F-2A54-4B8A-9DE1-591343AFB1C2}.Debug|Any CPU.ActiveCfg = Debug|Any CPU
		{0E79EA9F-2A54-4B8A-9DE1-591343AFB1C2}.Debug|Any CPU.Build.0 = Debug|Any CPU
		{0E79EA9F-2A54-4B8A-9DE1-591343AFB1C2}.Release|Any CPU.ActiveCfg = Release|Any CPU
		{0E79EA9F-2A54-4B8A-9DE1-591343AFB1C2}.Release|Any CPU.Build.0 = Release|Any CPU
	EndGlobalSection
	GlobalSection(SolutionProperties) = preSolution
		HideSolutionNode = FALSE
	EndGlobalSection
	GlobalSection(ExtensibilityGlobals) = postSolution
		SolutionGuid = {A0CA9C7F-E9C1-48F8-A7B6-7958FDCD1779}
	EndGlobalSection
EndGlobal
